// !$*UTF8*$!
{
	archiveVersion = 1;
	classes = {
	};
	objectVersion = 56;
	objects = {

/* Begin PBXBuildFile section */
		6BC143BF2AA60E0A00CCEEAA /* ListExerciseView.swift in Sources */ = {isa = PBXBuildFile; fileRef = 6BC143BE2AA60E0A00CCEEAA /* ListExerciseView.swift */; };
		6BDA89832AA5E34000FBF473 /* TrainingApp.swift in Sources */ = {isa = PBXBuildFile; fileRef = 6BDA89822AA5E34000FBF473 /* TrainingApp.swift */; };
		6BDA89852AA5E34000FBF473 /* ContentView.swift in Sources */ = {isa = PBXBuildFile; fileRef = 6BDA89842AA5E34000FBF473 /* ContentView.swift */; };
		6BDA89872AA5E34200FBF473 /* Assets.xcassets in Resources */ = {isa = PBXBuildFile; fileRef = 6BDA89862AA5E34200FBF473 /* Assets.xcassets */; };
		6BDA898B2AA5E34200FBF473 /* Preview Assets.xcassets in Resources */ = {isa = PBXBuildFile; fileRef = 6BDA898A2AA5E34200FBF473 /* Preview Assets.xcassets */; };
		6BDA89952AA5E34200FBF473 /* TrainingTests.swift in Sources */ = {isa = PBXBuildFile; fileRef = 6BDA89942AA5E34200FBF473 /* TrainingTests.swift */; };
		6BDA899F2AA5E34200FBF473 /* TrainingUITests.swift in Sources */ = {isa = PBXBuildFile; fileRef = 6BDA899E2AA5E34200FBF473 /* TrainingUITests.swift */; };
		6BDA89A12AA5E34200FBF473 /* TrainingUITestsLaunchTests.swift in Sources */ = {isa = PBXBuildFile; fileRef = 6BDA89A02AA5E34200FBF473 /* TrainingUITestsLaunchTests.swift */; };
		6BDA89EC2AA5EF5400FBF473 /* ExerciseModel.xcdatamodeld in Sources */ = {isa = PBXBuildFile; fileRef = 6BDA89EA2AA5EF5400FBF473 /* ExerciseModel.xcdatamodeld */; };
		6BDA89EE2AA5F29200FBF473 /* DataController.swift in Sources */ = {isa = PBXBuildFile; fileRef = 6BDA89ED2AA5F29200FBF473 /* DataController.swift */; };
		6BDA89F12AA5F87700FBF473 /* AddExerciseView.swift in Sources */ = {isa = PBXBuildFile; fileRef = 6BDA89F02AA5F87700FBF473 /* AddExerciseView.swift */; };
/* End PBXBuildFile section */

/* Begin PBXContainerItemProxy section */
		6BDA89912AA5E34200FBF473 /* PBXContainerItemProxy */ = {
			isa = PBXContainerItemProxy;
			containerPortal = 6BDA89772AA5E34000FBF473 /* Project object */;
			proxyType = 1;
			remoteGlobalIDString = 6BDA897E2AA5E34000FBF473;
			remoteInfo = Training;
		};
		6BDA899B2AA5E34200FBF473 /* PBXContainerItemProxy */ = {
			isa = PBXContainerItemProxy;
			containerPortal = 6BDA89772AA5E34000FBF473 /* Project object */;
			proxyType = 1;
			remoteGlobalIDString = 6BDA897E2AA5E34000FBF473;
			remoteInfo = Training;
		};
/* End PBXContainerItemProxy section */

/* Begin PBXFileReference section */
		6BC143BE2AA60E0A00CCEEAA /* ListExerciseView.swift */ = {isa = PBXFileReference; lastKnownFileType = sourcecode.swift; path = ListExerciseView.swift; sourceTree = "<group>"; };
		6BDA897F2AA5E34000FBF473 /* Training.app */ = {isa = PBXFileReference; explicitFileType = wrapper.application; includeInIndex = 0; path = Training.app; sourceTree = BUILT_PRODUCTS_DIR; };
		6BDA89822AA5E34000FBF473 /* TrainingApp.swift */ = {isa = PBXFileReference; lastKnownFileType = sourcecode.swift; path = TrainingApp.swift; sourceTree = "<group>"; };
		6BDA89842AA5E34000FBF473 /* ContentView.swift */ = {isa = PBXFileReference; lastKnownFileType = sourcecode.swift; path = ContentView.swift; sourceTree = "<group>"; };
		6BDA89862AA5E34200FBF473 /* Assets.xcassets */ = {isa = PBXFileReference; lastKnownFileType = folder.assetcatalog; path = Assets.xcassets; sourceTree = "<group>"; };
		6BDA89882AA5E34200FBF473 /* Training.entitlements */ = {isa = PBXFileReference; lastKnownFileType = text.plist.entitlements; path = Training.entitlements; sourceTree = "<group>"; };
		6BDA898A2AA5E34200FBF473 /* Preview Assets.xcassets */ = {isa = PBXFileReference; lastKnownFileType = folder.assetcatalog; path = "Preview Assets.xcassets"; sourceTree = "<group>"; };
		6BDA89902AA5E34200FBF473 /* TrainingTests.xctest */ = {isa = PBXFileReference; explicitFileType = wrapper.cfbundle; includeInIndex = 0; path = TrainingTests.xctest; sourceTree = BUILT_PRODUCTS_DIR; };
		6BDA89942AA5E34200FBF473 /* TrainingTests.swift */ = {isa = PBXFileReference; lastKnownFileType = sourcecode.swift; path = TrainingTests.swift; sourceTree = "<group>"; };
		6BDA899A2AA5E34200FBF473 /* TrainingUITests.xctest */ = {isa = PBXFileReference; explicitFileType = wrapper.cfbundle; includeInIndex = 0; path = TrainingUITests.xctest; sourceTree = BUILT_PRODUCTS_DIR; };
		6BDA899E2AA5E34200FBF473 /* TrainingUITests.swift */ = {isa = PBXFileReference; lastKnownFileType = sourcecode.swift; path = TrainingUITests.swift; sourceTree = "<group>"; };
		6BDA89A02AA5E34200FBF473 /* TrainingUITestsLaunchTests.swift */ = {isa = PBXFileReference; lastKnownFileType = sourcecode.swift; path = TrainingUITestsLaunchTests.swift; sourceTree = "<group>"; };
		6BDA89EB2AA5EF5400FBF473 /* ExerciseModel.xcdatamodel */ = {isa = PBXFileReference; lastKnownFileType = wrapper.xcdatamodel; path = ExerciseModel.xcdatamodel; sourceTree = "<group>"; };
		6BDA89ED2AA5F29200FBF473 /* DataController.swift */ = {isa = PBXFileReference; lastKnownFileType = sourcecode.swift; path = DataController.swift; sourceTree = "<group>"; };
		6BDA89F02AA5F87700FBF473 /* AddExerciseView.swift */ = {isa = PBXFileReference; lastKnownFileType = sourcecode.swift; path = AddExerciseView.swift; sourceTree = "<group>"; };
/* End PBXFileReference section */

/* Begin PBXFrameworksBuildPhase section */
		6BDA897C2AA5E34000FBF473 /* Frameworks */ = {
			isa = PBXFrameworksBuildPhase;
			buildActionMask = 2147483647;
			files = (
			);
			runOnlyForDeploymentPostprocessing = 0;
		};
		6BDA898D2AA5E34200FBF473 /* Frameworks */ = {
			isa = PBXFrameworksBuildPhase;
			buildActionMask = 2147483647;
			files = (
			);
			runOnlyForDeploymentPostprocessing = 0;
		};
		6BDA89972AA5E34200FBF473 /* Frameworks */ = {
			isa = PBXFrameworksBuildPhase;
			buildActionMask = 2147483647;
			files = (
			);
			runOnlyForDeploymentPostprocessing = 0;
		};
/* End PBXFrameworksBuildPhase section */

/* Begin PBXGroup section */
		6BDA89762AA5E34000FBF473 = {
			isa = PBXGroup;
			children = (
				6BDA89812AA5E34000FBF473 /* Training */,
				6BDA89932AA5E34200FBF473 /* TrainingTests */,
				6BDA899D2AA5E34200FBF473 /* TrainingUITests */,
				6BDA89802AA5E34000FBF473 /* Products */,
			);
			sourceTree = "<group>";
		};
		6BDA89802AA5E34000FBF473 /* Products */ = {
			isa = PBXGroup;
			children = (
				6BDA897F2AA5E34000FBF473 /* Training.app */,
				6BDA89902AA5E34200FBF473 /* TrainingTests.xctest */,
				6BDA899A2AA5E34200FBF473 /* TrainingUITests.xctest */,
			);
			name = Products;
			sourceTree = "<group>";
		};
		6BDA89812AA5E34000FBF473 /* Training */ = {
			isa = PBXGroup;
			children = (
				6BDA89EF2AA5F83100FBF473 /* Views */,
				6BDA89842AA5E34000FBF473 /* ContentView.swift */,
				6BDA89E92AA5EF0700FBF473 /* DataModel */,
				6BDA89822AA5E34000FBF473 /* TrainingApp.swift */,
				6BDA89862AA5E34200FBF473 /* Assets.xcassets */,
				6BDA89882AA5E34200FBF473 /* Training.entitlements */,
				6BDA89892AA5E34200FBF473 /* Preview Content */,
			);
			path = Training;
			sourceTree = "<group>";
		};
		6BDA89892AA5E34200FBF473 /* Preview Content */ = {
			isa = PBXGroup;
			children = (
				6BDA898A2AA5E34200FBF473 /* Preview Assets.xcassets */,
			);
			path = "Preview Content";
			sourceTree = "<group>";
		};
		6BDA89932AA5E34200FBF473 /* TrainingTests */ = {
			isa = PBXGroup;
			children = (
				6BDA89942AA5E34200FBF473 /* TrainingTests.swift */,
			);
			path = TrainingTests;
			sourceTree = "<group>";
		};
		6BDA899D2AA5E34200FBF473 /* TrainingUITests */ = {
			isa = PBXGroup;
			children = (
				6BDA899E2AA5E34200FBF473 /* TrainingUITests.swift */,
				6BDA89A02AA5E34200FBF473 /* TrainingUITestsLaunchTests.swift */,
			);
			path = TrainingUITests;
			sourceTree = "<group>";
		};
		6BDA89E92AA5EF0700FBF473 /* DataModel */ = {
			isa = PBXGroup;
			children = (
				6BDA89EA2AA5EF5400FBF473 /* ExerciseModel.xcdatamodeld */,
				6BDA89ED2AA5F29200FBF473 /* DataController.swift */,
			);
			path = DataModel;
			sourceTree = "<group>";
		};
		6BDA89EF2AA5F83100FBF473 /* Views */ = {
			isa = PBXGroup;
			children = (
				6BDA89F02AA5F87700FBF473 /* AddExerciseView.swift */,
				6BC143BE2AA60E0A00CCEEAA /* ListExerciseView.swift */,
			);
			path = Views;
			sourceTree = "<group>";
		};
/* End PBXGroup section */

/* Begin PBXNativeTarget section */
		6BDA897E2AA5E34000FBF473 /* Training */ = {
			isa = PBXNativeTarget;
			buildConfigurationList = 6BDA89A42AA5E34200FBF473 /* Build configuration list for PBXNativeTarget "Training" */;
			buildPhases = (
				6BDA897B2AA5E34000FBF473 /* Sources */,
				6BDA897C2AA5E34000FBF473 /* Frameworks */,
				6BDA897D2AA5E34000FBF473 /* Resources */,
			);
			buildRules = (
			);
			dependencies = (
			);
			name = Training;
			productName = Training;
			productReference = 6BDA897F2AA5E34000FBF473 /* Training.app */;
			productType = "com.apple.product-type.application";
		};
		6BDA898F2AA5E34200FBF473 /* TrainingTests */ = {
			isa = PBXNativeTarget;
			buildConfigurationList = 6BDA89A72AA5E34200FBF473 /* Build configuration list for PBXNativeTarget "TrainingTests" */;
			buildPhases = (
				6BDA898C2AA5E34200FBF473 /* Sources */,
				6BDA898D2AA5E34200FBF473 /* Frameworks */,
				6BDA898E2AA5E34200FBF473 /* Resources */,
			);
			buildRules = (
			);
			dependencies = (
				6BDA89922AA5E34200FBF473 /* PBXTargetDependency */,
			);
			name = TrainingTests;
			productName = TrainingTests;
			productReference = 6BDA89902AA5E34200FBF473 /* TrainingTests.xctest */;
			productType = "com.apple.product-type.bundle.unit-test";
		};
		6BDA89992AA5E34200FBF473 /* TrainingUITests */ = {
			isa = PBXNativeTarget;
			buildConfigurationList = 6BDA89AA2AA5E34200FBF473 /* Build configuration list for PBXNativeTarget "TrainingUITests" */;
			buildPhases = (
				6BDA89962AA5E34200FBF473 /* Sources */,
				6BDA89972AA5E34200FBF473 /* Frameworks */,
				6BDA89982AA5E34200FBF473 /* Resources */,
			);
			buildRules = (
			);
			dependencies = (
				6BDA899C2AA5E34200FBF473 /* PBXTargetDependency */,
			);
			name = TrainingUITests;
			productName = TrainingUITests;
			productReference = 6BDA899A2AA5E34200FBF473 /* TrainingUITests.xctest */;
			productType = "com.apple.product-type.bundle.ui-testing";
		};
/* End PBXNativeTarget section */

/* Begin PBXProject section */
		6BDA89772AA5E34000FBF473 /* Project object */ = {
			isa = PBXProject;
			attributes = {
				BuildIndependentTargetsInParallel = 1;
				LastSwiftUpdateCheck = 1430;
				LastUpgradeCheck = 1430;
				TargetAttributes = {
					6BDA897E2AA5E34000FBF473 = {
						CreatedOnToolsVersion = 14.3.1;
					};
					6BDA898F2AA5E34200FBF473 = {
						CreatedOnToolsVersion = 14.3.1;
						TestTargetID = 6BDA897E2AA5E34000FBF473;
					};
					6BDA89992AA5E34200FBF473 = {
						CreatedOnToolsVersion = 14.3.1;
						TestTargetID = 6BDA897E2AA5E34000FBF473;
					};
				};
			};
			buildConfigurationList = 6BDA897A2AA5E34000FBF473 /* Build configuration list for PBXProject "Training" */;
			compatibilityVersion = "Xcode 14.0";
			developmentRegion = en;
			hasScannedForEncodings = 0;
			knownRegions = (
				en,
				Base,
			);
			mainGroup = 6BDA89762AA5E34000FBF473;
			productRefGroup = 6BDA89802AA5E34000FBF473 /* Products */;
			projectDirPath = "";
			projectRoot = "";
			targets = (
				6BDA897E2AA5E34000FBF473 /* Training */,
				6BDA898F2AA5E34200FBF473 /* TrainingTests */,
				6BDA89992AA5E34200FBF473 /* TrainingUITests */,
			);
		};
/* End PBXProject section */

/* Begin PBXResourcesBuildPhase section */
		6BDA897D2AA5E34000FBF473 /* Resources */ = {
			isa = PBXResourcesBuildPhase;
			buildActionMask = 2147483647;
			files = (
				6BDA898B2AA5E34200FBF473 /* Preview Assets.xcassets in Resources */,
				6BDA89872AA5E34200FBF473 /* Assets.xcassets in Resources */,
			);
			runOnlyForDeploymentPostprocessing = 0;
		};
		6BDA898E2AA5E34200FBF473 /* Resources */ = {
			isa = PBXResourcesBuildPhase;
			buildActionMask = 2147483647;
			files = (
			);
			runOnlyForDeploymentPostprocessing = 0;
		};
		6BDA89982AA5E34200FBF473 /* Resources */ = {
			isa = PBXResourcesBuildPhase;
			buildActionMask = 2147483647;
			files = (
			);
			runOnlyForDeploymentPostprocessing = 0;
		};
/* End PBXResourcesBuildPhase section */

/* Begin PBXSourcesBuildPhase section */
		6BDA897B2AA5E34000FBF473 /* Sources */ = {
			isa = PBXSourcesBuildPhase;
			buildActionMask = 2147483647;
			files = (
				6BDA89852AA5E34000FBF473 /* ContentView.swift in Sources */,
				6BDA89EE2AA5F29200FBF473 /* DataController.swift in Sources */,
				6BDA89EC2AA5EF5400FBF473 /* ExerciseModel.xcdatamodeld in Sources */,
				6BDA89F12AA5F87700FBF473 /* AddExerciseView.swift in Sources */,
				6BC143BF2AA60E0A00CCEEAA /* ListExerciseView.swift in Sources */,
				6BDA89832AA5E34000FBF473 /* TrainingApp.swift in Sources */,
			);
			runOnlyForDeploymentPostprocessing = 0;
		};
		6BDA898C2AA5E34200FBF473 /* Sources */ = {
			isa = PBXSourcesBuildPhase;
			buildActionMask = 2147483647;
			files = (
				6BDA89952AA5E34200FBF473 /* TrainingTests.swift in Sources */,
			);
			runOnlyForDeploymentPostprocessing = 0;
		};
		6BDA89962AA5E34200FBF473 /* Sources */ = {
			isa = PBXSourcesBuildPhase;
			buildActionMask = 2147483647;
			files = (
				6BDA89A12AA5E34200FBF473 /* TrainingUITestsLaunchTests.swift in Sources */,
				6BDA899F2AA5E34200FBF473 /* TrainingUITests.swift in Sources */,
			);
			runOnlyForDeploymentPostprocessing = 0;
		};
/* End PBXSourcesBuildPhase section */

/* Begin PBXTargetDependency section */
		6BDA89922AA5E34200FBF473 /* PBXTargetDependency */ = {
			isa = PBXTargetDependency;
			target = 6BDA897E2AA5E34000FBF473 /* Training */;
			targetProxy = 6BDA89912AA5E34200FBF473 /* PBXContainerItemProxy */;
		};
		6BDA899C2AA5E34200FBF473 /* PBXTargetDependency */ = {
			isa = PBXTargetDependency;
			target = 6BDA897E2AA5E34000FBF473 /* Training */;
			targetProxy = 6BDA899B2AA5E34200FBF473 /* PBXContainerItemProxy */;
		};
/* End PBXTargetDependency section */

/* Begin XCBuildConfiguration section */
		6BDA89A22AA5E34200FBF473 /* Debug */ = {
			isa = XCBuildConfiguration;
			buildSettings = {
				ALWAYS_SEARCH_USER_PATHS = NO;
				CLANG_ANALYZER_NONNULL = YES;
				CLANG_ANALYZER_NUMBER_OBJECT_CONVERSION = YES_AGGRESSIVE;
				CLANG_CXX_LANGUAGE_STANDARD = "gnu++20";
				CLANG_ENABLE_MODULES = YES;
				CLANG_ENABLE_OBJC_ARC = YES;
				CLANG_ENABLE_OBJC_WEAK = YES;
				CLANG_WARN_BLOCK_CAPTURE_AUTORELEASING = YES;
				CLANG_WARN_BOOL_CONVERSION = YES;
				CLANG_WARN_COMMA = YES;
				CLANG_WARN_CONSTANT_CONVERSION = YES;
				CLANG_WARN_DEPRECATED_OBJC_IMPLEMENTATIONS = YES;
				CLANG_WARN_DIRECT_OBJC_ISA_USAGE = YES_ERROR;
				CLANG_WARN_DOCUMENTATION_COMMENTS = YES;
				CLANG_WARN_EMPTY_BODY = YES;
				CLANG_WARN_ENUM_CONVERSION = YES;
				CLANG_WARN_INFINITE_RECURSION = YES;
				CLANG_WARN_INT_CONVERSION = YES;
				CLANG_WARN_NON_LITERAL_NULL_CONVERSION = YES;
				CLANG_WARN_OBJC_IMPLICIT_RETAIN_SELF = YES;
				CLANG_WARN_OBJC_LITERAL_CONVERSION = YES;
				CLANG_WARN_OBJC_ROOT_CLASS = YES_ERROR;
				CLANG_WARN_QUOTED_INCLUDE_IN_FRAMEWORK_HEADER = YES;
				CLANG_WARN_RANGE_LOOP_ANALYSIS = YES;
				CLANG_WARN_STRICT_PROTOTYPES = YES;
				CLANG_WARN_SUSPICIOUS_MOVE = YES;
				CLANG_WARN_UNGUARDED_AVAILABILITY = YES_AGGRESSIVE;
				CLANG_WARN_UNREACHABLE_CODE = YES;
				CLANG_WARN__DUPLICATE_METHOD_MATCH = YES;
				COPY_PHASE_STRIP = NO;
				DEBUG_INFORMATION_FORMAT = dwarf;
				ENABLE_STRICT_OBJC_MSGSEND = YES;
				ENABLE_TESTABILITY = YES;
				GCC_C_LANGUAGE_STANDARD = gnu11;
				GCC_DYNAMIC_NO_PIC = NO;
				GCC_NO_COMMON_BLOCKS = YES;
				GCC_OPTIMIZATION_LEVEL = 0;
				GCC_PREPROCESSOR_DEFINITIONS = (
					"DEBUG=1",
					"$(inherited)",
				);
				GCC_WARN_64_TO_32_BIT_CONVERSION = YES;
				GCC_WARN_ABOUT_RETURN_TYPE = YES_ERROR;
				GCC_WARN_UNDECLARED_SELECTOR = YES;
				GCC_WARN_UNINITIALIZED_AUTOS = YES_AGGRESSIVE;
				GCC_WARN_UNUSED_FUNCTION = YES;
				GCC_WARN_UNUSED_VARIABLE = YES;
				MTL_ENABLE_DEBUG_INFO = INCLUDE_SOURCE;
				MTL_FAST_MATH = YES;
				ONLY_ACTIVE_ARCH = YES;
				SWIFT_ACTIVE_COMPILATION_CONDITIONS = DEBUG;
				SWIFT_OPTIMIZATION_LEVEL = "-Onone";
			};
			name = Debug;
		};
		6BDA89A32AA5E34200FBF473 /* Release */ = {
			isa = XCBuildConfiguration;
			buildSettings = {
				ALWAYS_SEARCH_USER_PATHS = NO;
				CLANG_ANALYZER_NONNULL = YES;
				CLANG_ANALYZER_NUMBER_OBJECT_CONVERSION = YES_AGGRESSIVE;
				CLANG_CXX_LANGUAGE_STANDARD = "gnu++20";
				CLANG_ENABLE_MODULES = YES;
				CLANG_ENABLE_OBJC_ARC = YES;
				CLANG_ENABLE_OBJC_WEAK = YES;
				CLANG_WARN_BLOCK_CAPTURE_AUTORELEASING = YES;
				CLANG_WARN_BOOL_CONVERSION = YES;
				CLANG_WARN_COMMA = YES;
				CLANG_WARN_CONSTANT_CONVERSION = YES;
				CLANG_WARN_DEPRECATED_OBJC_IMPLEMENTATIONS = YES;
				CLANG_WARN_DIRECT_OBJC_ISA_USAGE = YES_ERROR;
				CLANG_WARN_DOCUMENTATION_COMMENTS = YES;
				CLANG_WARN_EMPTY_BODY = YES;
				CLANG_WARN_ENUM_CONVERSION = YES;
				CLANG_WARN_INFINITE_RECURSION = YES;
				CLANG_WARN_INT_CONVERSION = YES;
				CLANG_WARN_NON_LITERAL_NULL_CONVERSION = YES;
				CLANG_WARN_OBJC_IMPLICIT_RETAIN_SELF = YES;
				CLANG_WARN_OBJC_LITERAL_CONVERSION = YES;
				CLANG_WARN_OBJC_ROOT_CLASS = YES_ERROR;
				CLANG_WARN_QUOTED_INCLUDE_IN_FRAMEWORK_HEADER = YES;
				CLANG_WARN_RANGE_LOOP_ANALYSIS = YES;
				CLANG_WARN_STRICT_PROTOTYPES = YES;
				CLANG_WARN_SUSPICIOUS_MOVE = YES;
				CLANG_WARN_UNGUARDED_AVAILABILITY = YES_AGGRESSIVE;
				CLANG_WARN_UNREACHABLE_CODE = YES;
				CLANG_WARN__DUPLICATE_METHOD_MATCH = YES;
				COPY_PHASE_STRIP = NO;
				DEBUG_INFORMATION_FORMAT = "dwarf-with-dsym";
				ENABLE_NS_ASSERTIONS = NO;
				ENABLE_STRICT_OBJC_MSGSEND = YES;
				GCC_C_LANGUAGE_STANDARD = gnu11;
				GCC_NO_COMMON_BLOCKS = YES;
				GCC_WARN_64_TO_32_BIT_CONVERSION = YES;
				GCC_WARN_ABOUT_RETURN_TYPE = YES_ERROR;
				GCC_WARN_UNDECLARED_SELECTOR = YES;
				GCC_WARN_UNINITIALIZED_AUTOS = YES_AGGRESSIVE;
				GCC_WARN_UNUSED_FUNCTION = YES;
				GCC_WARN_UNUSED_VARIABLE = YES;
				MTL_ENABLE_DEBUG_INFO = NO;
				MTL_FAST_MATH = YES;
				SWIFT_COMPILATION_MODE = wholemodule;
				SWIFT_OPTIMIZATION_LEVEL = "-O";
			};
			name = Release;
		};
		6BDA89A52AA5E34200FBF473 /* Debug */ = {
			isa = XCBuildConfiguration;
			buildSettings = {
				ASSETCATALOG_COMPILER_APPICON_NAME = AppIcon;
				ASSETCATALOG_COMPILER_GLOBAL_ACCENT_COLOR_NAME = AccentColor;
				CODE_SIGN_ENTITLEMENTS = Training/Training.entitlements;
				CODE_SIGN_STYLE = Automatic;
				CURRENT_PROJECT_VERSION = 1;
				DEVELOPMENT_ASSET_PATHS = "\"Training/Preview Content\"";
				DEVELOPMENT_TEAM = VREY63R36X;
				ENABLE_HARDENED_RUNTIME = YES;
				ENABLE_PREVIEWS = YES;
				GENERATE_INFOPLIST_FILE = YES;
				"INFOPLIST_KEY_UIApplicationSceneManifest_Generation[sdk=iphoneos*]" = YES;
				"INFOPLIST_KEY_UIApplicationSceneManifest_Generation[sdk=iphonesimulator*]" = YES;
				"INFOPLIST_KEY_UIApplicationSupportsIndirectInputEvents[sdk=iphoneos*]" = YES;
				"INFOPLIST_KEY_UIApplicationSupportsIndirectInputEvents[sdk=iphonesimulator*]" = YES;
				"INFOPLIST_KEY_UILaunchScreen_Generation[sdk=iphoneos*]" = YES;
				"INFOPLIST_KEY_UILaunchScreen_Generation[sdk=iphonesimulator*]" = YES;
				"INFOPLIST_KEY_UIStatusBarStyle[sdk=iphoneos*]" = UIStatusBarStyleDefault;
				"INFOPLIST_KEY_UIStatusBarStyle[sdk=iphonesimulator*]" = UIStatusBarStyleDefault;
				INFOPLIST_KEY_UISupportedInterfaceOrientations_iPad = "UIInterfaceOrientationPortrait UIInterfaceOrientationPortraitUpsideDown UIInterfaceOrientationLandscapeLeft UIInterfaceOrientationLandscapeRight";
				INFOPLIST_KEY_UISupportedInterfaceOrientations_iPhone = "UIInterfaceOrientationPortrait UIInterfaceOrientationLandscapeLeft UIInterfaceOrientationLandscapeRight";
				IPHONEOS_DEPLOYMENT_TARGET = 16.4;
				LD_RUNPATH_SEARCH_PATHS = "@executable_path/Frameworks";
				"LD_RUNPATH_SEARCH_PATHS[sdk=macosx*]" = "@executable_path/../Frameworks";
				MACOSX_DEPLOYMENT_TARGET = 13.1;
				MARKETING_VERSION = 1.0;
				PRODUCT_BUNDLE_IDENTIFIER = Brunods.Training;
				PRODUCT_NAME = "$(TARGET_NAME)";
				SDKROOT = auto;
				SUPPORTED_PLATFORMS = "iphoneos iphonesimulator macosx";
				SWIFT_EMIT_LOC_STRINGS = YES;
				SWIFT_VERSION = 5.0;
				TARGETED_DEVICE_FAMILY = "1,2";
			};
			name = Debug;
		};
		6BDA89A62AA5E34200FBF473 /* Release */ = {
			isa = XCBuildConfiguration;
			buildSettings = {
				ASSETCATALOG_COMPILER_APPICON_NAME = AppIcon;
				ASSETCATALOG_COMPILER_GLOBAL_ACCENT_COLOR_NAME = AccentColor;
				CODE_SIGN_ENTITLEMENTS = Training/Training.entitlements;
				CODE_SIGN_STYLE = Automatic;
				CURRENT_PROJECT_VERSION = 1;
				DEVELOPMENT_ASSET_PATHS = "\"Training/Preview Content\"";
				DEVELOPMENT_TEAM = VREY63R36X;
				ENABLE_HARDENED_RUNTIME = YES;
				ENABLE_PREVIEWS = YES;
				GENERATE_INFOPLIST_FILE = YES;
				"INFOPLIST_KEY_UIApplicationSceneManifest_Generation[sdk=iphoneos*]" = YES;
				"INFOPLIST_KEY_UIApplicationSceneManifest_Generation[sdk=iphonesimulator*]" = YES;
				"INFOPLIST_KEY_UIApplicationSupportsIndirectInputEvents[sdk=iphoneos*]" = YES;
				"INFOPLIST_KEY_UIApplicationSupportsIndirectInputEvents[sdk=iphonesimulator*]" = YES;
				"INFOPLIST_KEY_UILaunchScreen_Generation[sdk=iphoneos*]" = YES;
				"INFOPLIST_KEY_UILaunchScreen_Generation[sdk=iphonesimulator*]" = YES;
				"INFOPLIST_KEY_UIStatusBarStyle[sdk=iphoneos*]" = UIStatusBarStyleDefault;
				"INFOPLIST_KEY_UIStatusBarStyle[sdk=iphonesimulator*]" = UIStatusBarStyleDefault;
				INFOPLIST_KEY_UISupportedInterfaceOrientations_iPad = "UIInterfaceOrientationPortrait UIInterfaceOrientationPortraitUpsideDown UIInterfaceOrientationLandscapeLeft UIInterfaceOrientationLandscapeRight";
				INFOPLIST_KEY_UISupportedInterfaceOrientations_iPhone = "UIInterfaceOrientationPortrait UIInterfaceOrientationLandscapeLeft UIInterfaceOrientationLandscapeRight";
				IPHONEOS_DEPLOYMENT_TARGET = 16.4;
				LD_RUNPATH_SEARCH_PATHS = "@executable_path/Frameworks";
				"LD_RUNPATH_SEARCH_PATHS[sdk=macosx*]" = "@executable_path/../Frameworks";
				MACOSX_DEPLOYMENT_TARGET = 13.1;
				MARKETING_VERSION = 1.0;
				PRODUCT_BUNDLE_IDENTIFIER = Brunods.Training;
				PRODUCT_NAME = "$(TARGET_NAME)";
				SDKROOT = auto;
				SUPPORTED_PLATFORMS = "iphoneos iphonesimulator macosx";
				SWIFT_EMIT_LOC_STRINGS = YES;
				SWIFT_VERSION = 5.0;
				TARGETED_DEVICE_FAMILY = "1,2";
			};
			name = Release;
		};
		6BDA89A82AA5E34200FBF473 /* Debug */ = {
			isa = XCBuildConfiguration;
			buildSettings = {
				ALWAYS_EMBED_SWIFT_STANDARD_LIBRARIES = YES;
				BUNDLE_LOADER = "$(TEST_HOST)";
				CODE_SIGN_STYLE = Automatic;
				CURRENT_PROJECT_VERSION = 1;
				DEVELOPMENT_TEAM = VREY63R36X;
				GENERATE_INFOPLIST_FILE = YES;
				IPHONEOS_DEPLOYMENT_TARGET = 16.4;
				MACOSX_DEPLOYMENT_TARGET = 13.1;
				MARKETING_VERSION = 1.0;
				PRODUCT_BUNDLE_IDENTIFIER = Brunods.TrainingTests;
				PRODUCT_NAME = "$(TARGET_NAME)";
				SDKROOT = auto;
				SUPPORTED_PLATFORMS = "iphoneos iphonesimulator macosx";
				SWIFT_EMIT_LOC_STRINGS = NO;
				SWIFT_VERSION = 5.0;
				TARGETED_DEVICE_FAMILY = "1,2";
				TEST_HOST = "$(BUILT_PRODUCTS_DIR)/Training.app/$(BUNDLE_EXECUTABLE_FOLDER_PATH)/Training";
			};
			name = Debug;
		};
		6BDA89A92AA5E34200FBF473 /* Release */ = {
			isa = XCBuildConfiguration;
			buildSettings = {
				ALWAYS_EMBED_SWIFT_STANDARD_LIBRARIES = YES;
				BUNDLE_LOADER = "$(TEST_HOST)";
				CODE_SIGN_STYLE = Automatic;
				CURRENT_PROJECT_VERSION = 1;
				DEVELOPMENT_TEAM = VREY63R36X;
				GENERATE_INFOPLIST_FILE = YES;
				IPHONEOS_DEPLOYMENT_TARGET = 16.4;
				MACOSX_DEPLOYMENT_TARGET = 13.1;
				MARKETING_VERSION = 1.0;
				PRODUCT_BUNDLE_IDENTIFIER = Brunods.TrainingTests;
				PRODUCT_NAME = "$(TARGET_NAME)";
				SDKROOT = auto;
				SUPPORTED_PLATFORMS = "iphoneos iphonesimulator macosx";
				SWIFT_EMIT_LOC_STRINGS = NO;
				SWIFT_VERSION = 5.0;
				TARGETED_DEVICE_FAMILY = "1,2";
				TEST_HOST = "$(BUILT_PRODUCTS_DIR)/Training.app/$(BUNDLE_EXECUTABLE_FOLDER_PATH)/Training";
			};
			name = Release;
		};
		6BDA89AB2AA5E34200FBF473 /* Debug */ = {
			isa = XCBuildConfiguration;
			buildSettings = {
				ALWAYS_EMBED_SWIFT_STANDARD_LIBRARIES = YES;
				CODE_SIGN_STYLE = Automatic;
				CURRENT_PROJECT_VERSION = 1;
				DEVELOPMENT_TEAM = VREY63R36X;
				GENERATE_INFOPLIST_FILE = YES;
				IPHONEOS_DEPLOYMENT_TARGET = 16.4;
				MACOSX_DEPLOYMENT_TARGET = 13.1;
				MARKETING_VERSION = 1.0;
				PRODUCT_BUNDLE_IDENTIFIER = Brunods.TrainingUITests;
				PRODUCT_NAME = "$(TARGET_NAME)";
				SDKROOT = auto;
				SUPPORTED_PLATFORMS = "iphoneos iphonesimulator macosx";
				SWIFT_EMIT_LOC_STRINGS = NO;
				SWIFT_VERSION = 5.0;
				TARGETED_DEVICE_FAMILY = "1,2";
				TEST_TARGET_NAME = Training;
			};
			name = Debug;
		};
		6BDA89AC2AA5E34200FBF473 /* Release */ = {
			isa = XCBuildConfiguration;
			buildSettings = {
				ALWAYS_EMBED_SWIFT_STANDARD_LIBRARIES = YES;
				CODE_SIGN_STYLE = Automatic;
				CURRENT_PROJECT_VERSION = 1;
				DEVELOPMENT_TEAM = VREY63R36X;
				GENERATE_INFOPLIST_FILE = YES;
				IPHONEOS_DEPLOYMENT_TARGET = 16.4;
				MACOSX_DEPLOYMENT_TARGET = 13.1;
				MARKETING_VERSION = 1.0;
				PRODUCT_BUNDLE_IDENTIFIER = Brunods.TrainingUITests;
				PRODUCT_NAME = "$(TARGET_NAME)";
				SDKROOT = auto;
				SUPPORTED_PLATFORMS = "iphoneos iphonesimulator macosx";
				SWIFT_EMIT_LOC_STRINGS = NO;
				SWIFT_VERSION = 5.0;
				TARGETED_DEVICE_FAMILY = "1,2";
				TEST_TARGET_NAME = Training;
			};
			name = Release;
		};
/* End XCBuildConfiguration section */

/* Begin XCConfigurationList section */
		6BDA897A2AA5E34000FBF473 /* Build configuration list for PBXProject "Training" */ = {
			isa = XCConfigurationList;
			buildConfigurations = (
				6BDA89A22AA5E34200FBF473 /* Debug */,
				6BDA89A32AA5E34200FBF473 /* Release */,
			);
			defaultConfigurationIsVisible = 0;
			defaultConfigurationName = Release;
		};
		6BDA89A42AA5E34200FBF473 /* Build configuration list for PBXNativeTarget "Training" */ = {
			isa = XCConfigurationList;
			buildConfigurations = (
				6BDA89A52AA5E34200FBF473 /* Debug */,
				6BDA89A62AA5E34200FBF473 /* Release */,
			);
			defaultConfigurationIsVisible = 0;
			defaultConfigurationName = Release;
		};
		6BDA89A72AA5E34200FBF473 /* Build configuration list for PBXNativeTarget "TrainingTests" */ = {
			isa = XCConfigurationList;
			buildConfigurations = (
				6BDA89A82AA5E34200FBF473 /* Debug */,
				6BDA89A92AA5E34200FBF473 /* Release */,
			);
			defaultConfigurationIsVisible = 0;
			defaultConfigurationName = Release;
		};
		6BDA89AA2AA5E34200FBF473 /* Build configuration list for PBXNativeTarget "TrainingUITests" */ = {
			isa = XCConfigurationList;
			buildConfigurations = (
				6BDA89AB2AA5E34200FBF473 /* Debug */,
				6BDA89AC2AA5E34200FBF473 /* Release */,
			);
			defaultConfigurationIsVisible = 0;
			defaultConfigurationName = Release;
		};
/* End XCConfigurationList section */

/* Begin XCVersionGroup section */
		6BDA89EA2AA5EF5400FBF473 /* ExerciseModel.xcdatamodeld */ = {
			isa = XCVersionGroup;
			children = (
				6BDA89EB2AA5EF5400FBF473 /* ExerciseModel.xcdatamodel */,
			);
			currentVersion = 6BDA89EB2AA5EF5400FBF473 /* ExerciseModel.xcdatamodel */;
			path = ExerciseModel.xcdatamodeld;
			sourceTree = "<group>";
			versionGroupType = wrapper.xcdatamodel;
		};
/* End XCVersionGroup section */
	};
	rootObject = 6BDA89772AA5E34000FBF473 /* Project object */;
}
